
Microsoft Visual Studio Solution File, Format Version 12.00
# Visual Studio Version 16
VisualStudioVersion = 16.0.31019.35
MinimumVisualStudioVersion = 10.0.40219.1
Project("{9A19103F-16F7-4668-BE54-9A1E7A4F7556}") = "Pagination", "Pagination\Pagination.csproj", "{6537CAC1-E5C0-4381-9C0C-9F87A6C437FE}"
EndProject
Project("{FAE04EC0-301F-11D3-BF4B-00C04F79EFBC}") = "Pagination.EntityFrameworkCore", "Pagination.EntityFrameworkCore\Pagination.EntityFrameworkCore.csproj", "{C6AE13CC-F376-469C-98D0-F63339C847DB}"
EndProject
Global
	GlobalSection(SolutionConfigurationPlatforms) = preSolution
		Debug|Any CPU = Debug|Any CPU
		Release|Any CPU = Release|Any CPU
	EndGlobalSection
	GlobalSection(ProjectConfigurationPlatforms) = postSolution
		{6537CAC1-E5C0-4381-9C0C-9F87A6C437FE}.Debug|Any CPU.ActiveCfg = Debug|Any CPU
		{6537CAC1-E5C0-4381-9C0C-9F87A6C437FE}.Debug|Any CPU.Build.0 = Debug|Any CPU
		{6537CAC1-E5C0-4381-9C0C-9F87A6C437FE}.Release|Any CPU.ActiveCfg = Release|Any CPU
		{6537CAC1-E5C0-4381-9C0C-9F87A6C437FE}.Release|Any CPU.Build.0 = Release|Any CPU
		{C6AE13CC-F376-469C-98D0-F63339C847DB}.Debug|Any CPU.ActiveCfg = Debug|Any CPU
		{C6AE13CC-F376-469C-98D0-F63339C847DB}.Debug|Any CPU.Build.0 = Debug|Any CPU
		{C6AE13CC-F376-469C-98D0-F63339C847DB}.Release|Any CPU.ActiveCfg = Release|Any CPU
		{C6AE13CC-F376-469C-98D0-F63339C847DB}.Release|Any CPU.Build.0 = Release|Any CPU
	EndGlobalSection
	GlobalSection(SolutionProperties) = preSolution
		HideSolutionNode = FALSE
	EndGlobalSection
	GlobalSection(ExtensibilityGlobals) = postSolution
		SolutionGuid = {0BEB49FD-CA85-484B-9AA8-B466D2AF7B67}
	EndGlobalSection
EndGlobal
