
Microsoft Visual Studio Solution File, Format Version 12.00
# Visual Studio Version 16
VisualStudioVersion = 16.0.31019.35
MinimumVisualStudioVersion = 10.0.40219.1
Project("{9A19103F-16F7-4668-BE54-9A1E7A4F7556}") = "Pagination", "Pagination\Pagination.csproj", "{6537CAC1-E5C0-4381-9C0C-9F87A6C437FE}"
EndProject
Project("{9A19103F-16F7-4668-BE54-9A1E7A4F7556}") = "Pagination.Tests", "Pagination\Tests\Pagination.Tests.csproj", "{FF20022C-66CA-40BB-B10A-EBDBF3CE86D4}"
EndProject
Project("{9A19103F-16F7-4668-BE54-9A1E7A4F7556}") = "Pagination.EntityFrameworkCore", "Pagination.EntityFrameworkCore\Pagination.EntityFrameworkCore.csproj", "{D6BAC9B5-921D-4EE2-B0F3-FC63A92CAD18}"
EndProject
Project("{9A19103F-16F7-4668-BE54-9A1E7A4F7556}") = "Pagination.EntityFrameworkCore.Tests", "Pagination.EntityFrameworkCore\Tests\Pagination.EntityFrameworkCore.Tests.csproj", "{692B6F17-92B2-4487-9B77-32BD4FF3F02A}"
EndProject
Project("{2150E333-8FDC-42A3-9474-1A3956D46DE8}") = "Pagination", "Pagination", "{AAC20112-F1A8-47DC-8BA4-D6F73A053301}"
EndProject
Project("{2150E333-8FDC-42A3-9474-1A3956D46DE8}") = "Pagination.EntityFrameworkCore", "Pagination.EntityFrameworkCore", "{D7F2AF7E-CCD3-4812-BB4C-587889DB034B}"
EndProject
Global
	GlobalSection(SolutionConfigurationPlatforms) = preSolution
		Debug|Any CPU = Debug|Any CPU
		Release|Any CPU = Release|Any CPU
	EndGlobalSection
	GlobalSection(ProjectConfigurationPlatforms) = postSolution
		{6537CAC1-E5C0-4381-9C0C-9F87A6C437FE}.Debug|Any CPU.ActiveCfg = Debug|Any CPU
		{6537CAC1-E5C0-4381-9C0C-9F87A6C437FE}.Debug|Any CPU.Build.0 = Debug|Any CPU
		{6537CAC1-E5C0-4381-9C0C-9F87A6C437FE}.Release|Any CPU.ActiveCfg = Release|Any CPU
		{6537CAC1-E5C0-4381-9C0C-9F87A6C437FE}.Release|Any CPU.Build.0 = Release|Any CPU
		{FF20022C-66CA-40BB-B10A-EBDBF3CE86D4}.Debug|Any CPU.ActiveCfg = Debug|Any CPU
		{FF20022C-66CA-40BB-B10A-EBDBF3CE86D4}.Debug|Any CPU.Build.0 = Debug|Any CPU
		{FF20022C-66CA-40BB-B10A-EBDBF3CE86D4}.Release|Any CPU.ActiveCfg = Release|Any CPU
		{FF20022C-66CA-40BB-B10A-EBDBF3CE86D4}.Release|Any CPU.Build.0 = Release|Any CPU
		{D6BAC9B5-921D-4EE2-B0F3-FC63A92CAD18}.Debug|Any CPU.ActiveCfg = Debug|Any CPU
		{D6BAC9B5-921D-4EE2-B0F3-FC63A92CAD18}.Debug|Any CPU.Build.0 = Debug|Any CPU
		{D6BAC9B5-921D-4EE2-B0F3-FC63A92CAD18}.Release|Any CPU.ActiveCfg = Release|Any CPU
		{D6BAC9B5-921D-4EE2-B0F3-FC63A92CAD18}.Release|Any CPU.Build.0 = Release|Any CPU
		{692B6F17-92B2-4487-9B77-32BD4FF3F02A}.Debug|Any CPU.ActiveCfg = Debug|Any CPU
		{692B6F17-92B2-4487-9B77-32BD4FF3F02A}.Debug|Any CPU.Build.0 = Debug|Any CPU
		{692B6F17-92B2-4487-9B77-32BD4FF3F02A}.Release|Any CPU.ActiveCfg = Release|Any CPU
		{692B6F17-92B2-4487-9B77-32BD4FF3F02A}.Release|Any CPU.Build.0 = Release|Any CPU
	EndGlobalSection
	GlobalSection(SolutionProperties) = preSolution
		HideSolutionNode = FALSE
	EndGlobalSection
	GlobalSection(NestedProjects) = preSolution
		{6537CAC1-E5C0-4381-9C0C-9F87A6C437FE} = {AAC20112-F1A8-47DC-8BA4-D6F73A053301}
		{FF20022C-66CA-40BB-B10A-EBDBF3CE86D4} = {AAC20112-F1A8-47DC-8BA4-D6F73A053301}
		{D6BAC9B5-921D-4EE2-B0F3-FC63A92CAD18} = {D7F2AF7E-CCD3-4812-BB4C-587889DB034B}
		{692B6F17-92B2-4487-9B77-32BD4FF3F02A} = {D7F2AF7E-CCD3-4812-BB4C-587889DB034B}
	EndGlobalSection
	GlobalSection(ExtensibilityGlobals) = postSolution
		SolutionGuid = {0BEB49FD-CA85-484B-9AA8-B466D2AF7B67}
	EndGlobalSection
EndGlobal
